
Microsoft Visual Studio Solution File, Format Version 12.00
# Visual Studio Version 16
VisualStudioVersion = 16.0.31129.286
MinimumVisualStudioVersion = 10.0.40219.1
Project("{9A19103F-16F7-4668-BE54-9A1E7A4F7556}") = "DesafioRDI", "DesafioRDI\DesafioRDI.csproj", "{6AD97045-92E5-4CA4-A426-EBDC918E5410}"
EndProject
Project("{FAE04EC0-301F-11D3-BF4B-00C04F79EFBC}") = "Teste", "Teste\Teste.csproj", "{9866FD1E-E474-4622-B5DB-D02A73C1B2C4}"
EndProject
Global
	GlobalSection(SolutionConfigurationPlatforms) = preSolution
		Debug|Any CPU = Debug|Any CPU
		Release|Any CPU = Release|Any CPU
	EndGlobalSection
	GlobalSection(ProjectConfigurationPlatforms) = postSolution
		{6AD97045-92E5-4CA4-A426-EBDC918E5410}.Debug|Any CPU.ActiveCfg = Debug|Any CPU
		{6AD97045-92E5-4CA4-A426-EBDC918E5410}.Debug|Any CPU.Build.0 = Debug|Any CPU
		{6AD97045-92E5-4CA4-A426-EBDC918E5410}.Release|Any CPU.ActiveCfg = Release|Any CPU
		{6AD97045-92E5-4CA4-A426-EBDC918E5410}.Release|Any CPU.Build.0 = Release|Any CPU
		{9866FD1E-E474-4622-B5DB-D02A73C1B2C4}.Debug|Any CPU.ActiveCfg = Debug|Any CPU
		{9866FD1E-E474-4622-B5DB-D02A73C1B2C4}.Debug|Any CPU.Build.0 = Debug|Any CPU
		{9866FD1E-E474-4622-B5DB-D02A73C1B2C4}.Release|Any CPU.ActiveCfg = Release|Any CPU
		{9866FD1E-E474-4622-B5DB-D02A73C1B2C4}.Release|Any CPU.Build.0 = Release|Any CPU
	EndGlobalSection
	GlobalSection(SolutionProperties) = preSolution
		HideSolutionNode = FALSE
	EndGlobalSection
	GlobalSection(ExtensibilityGlobals) = postSolution
		SolutionGuid = {F3FB573C-38B8-4834-BF55-32575382C46F}
	EndGlobalSection
EndGlobal
